
Microsoft Visual Studio Solution File, Format Version 12.00
# Visual Studio Version 16
VisualStudioVersion = 16.0.31624.102
MinimumVisualStudioVersion = 10.0.40219.1
Project("{FAE04EC0-301F-11D3-BF4B-00C04F79EFBC}") = "HtmlSocketServer", "HtmlSocketServer.csproj", "{DFF7FF0F-8680-45E1-91C3-744660524B7F}"
EndProject
Global
	GlobalSection(SolutionConfigurationPlatforms) = preSolution
		Debug|Any CPU = Debug|Any CPU
		Release|Any CPU = Release|Any CPU
	EndGlobalSection
	GlobalSection(ProjectConfigurationPlatforms) = postSolution
		{DFF7FF0F-8680-45E1-91C3-744660524B7F}.Debug|Any CPU.ActiveCfg = Debug|Any CPU
		{DFF7FF0F-8680-45E1-91C3-744660524B7F}.Debug|Any CPU.Build.0 = Debug|Any CPU
		{DFF7FF0F-8680-45E1-91C3-744660524B7F}.Release|Any CPU.ActiveCfg = Release|Any CPU
		{DFF7FF0F-8680-45E1-91C3-744660524B7F}.Release|Any CPU.Build.0 = Release|Any CPU
	EndGlobalSection
	GlobalSection(SolutionProperties) = preSolution
		HideSolutionNode = FALSE
	EndGlobalSection
	GlobalSection(ExtensibilityGlobals) = postSolution
		SolutionGuid = {2A8138CB-BD64-4D1D-8549-008C6BBC1B78}
	EndGlobalSection
EndGlobal
